<?xml version="1.0" encoding="UTF-8" standalone="yes" ?>
<CodeBlocks_project_file>
	<FileVersion major="1" minor="6" />
	<Project>
		<Option title="lab03.04" />
		<Option pch_mode="2" />
		<Option compiler="gcc" />
		<Build>
			<Target title="Debug">
				<Option output="bin/Debug/lab03" prefix_auto="1" extension_auto="1" />
				<Option object_output="obj/Debug/" />
				<Option type="1" />
				<Option compiler="gcc" />
				<Compiler>
					<Add option="-g" />
					<Add directory="E:/Projects/Uni/lab03.04/curl-8.1.2_3-win64-mingw/include" />
				</Compiler>
				<Linker>
					<Add library="libcurl.dll.a" />
					<Add directory="E:/Projects/Uni/lab03.04/curl-8.1.2_3-win64-mingw/lib" />
				</Linker>
			</Target>
			<Target title="Release">
				<Option output="bin/Release/lab03" prefix_auto="1" extension_auto="1" />
				<Option object_output="obj/Release/" />
				<Option type="1" />
				<Option compiler="gcc" />
				<Compiler>
					<Add option="-O2" />
				</Compiler>
				<Linker>
					<Add option="-s" />
				</Linker>
			</Target>
		</Build>
		<Compiler>
			<Add option="-Wall" />
			<Add option="-fexceptions" />
			<Add option="-DCURL_STATICLIB" />
			<Add directory="curl-8.1.2_3-win64-mingw/include" />
		</Compiler>
		<Linker>
			<Add library="libcurl.a" />
			<Add directory="E:/Projects/GitHub/cs-lab03/lab03.04/curl-8.1.2_3-win64-mingw/lib" />
		</Linker>
		<Unit filename="lab03.cpp" />
		<Unit filename="lab03.h" />
		<Unit filename="main.cpp" />
		<Extensions />
	</Project>
</CodeBlocks_project_file>
